
Microsoft Visual Studio Solution File, Format Version 12.00
# Visual Studio Version 16
VisualStudioVersion = 16.0.29728.190
MinimumVisualStudioVersion = 10.0.40219.1
Project("{FAE04EC0-301F-11D3-BF4B-00C04F79EFBC}") = "Addition task", "Addition task\Addition task.csproj", "{428AE7EF-D667-4977-8076-0B974BED5565}"
EndProject
Global
	GlobalSection(SolutionConfigurationPlatforms) = preSolution
		Debug|Any CPU = Debug|Any CPU
		Release|Any CPU = Release|Any CPU
	EndGlobalSection
	GlobalSection(ProjectConfigurationPlatforms) = postSolution
		{428AE7EF-D667-4977-8076-0B974BED5565}.Debug|Any CPU.ActiveCfg = Debug|Any CPU
		{428AE7EF-D667-4977-8076-0B974BED5565}.Debug|Any CPU.Build.0 = Debug|Any CPU
		{428AE7EF-D667-4977-8076-0B974BED5565}.Release|Any CPU.ActiveCfg = Release|Any CPU
		{428AE7EF-D667-4977-8076-0B974BED5565}.Release|Any CPU.Build.0 = Release|Any CPU
	EndGlobalSection
	GlobalSection(SolutionProperties) = preSolution
		HideSolutionNode = FALSE
	EndGlobalSection
	GlobalSection(ExtensibilityGlobals) = postSolution
		SolutionGuid = {74B4914D-D194-4F5F-8D5C-3A8C2C67DF79}
	EndGlobalSection
EndGlobal
